{
    "_meta": {
        "hash": {
            "sha256": "b1de5c5d3cac1b1668e9f9b1941effec7dc480235e8daafbe3f76af58a0d73b2"
        },
        "pipfile-spec": 6,
        "requires": {
            "python_version": "3.7"
        },
        "sources": [
            {
                "name": "pypi",
                "url": "https://pypi.org/simple",
                "verify_ssl": true
            }
        ]
    },
    "default": {
        "httplib2": {
            "hashes": [
                "sha256:1e9340ecf0187a621bdcfb407c32e04e8e09fc6ab28b050efa38f20eae0e975f",
                "sha256:743cff16beadd128511e786474740264aa805fba106d6fc90e3586829ad0298b"
            ],
            "index": "pypi",
            "version": "==0.17.4"
        },
        "isodate": {
            "hashes": [
                "sha256:2e364a3d5759479cdb2d37cce6b9376ea504db2ff90252a2e5b7cc89cc9ff2d8",
                "sha256:aa4d33c06640f5352aca96e4b81afd8ab3b47337cc12089822d6f322ac772c81"
            ],
            "version": "==0.6.0"
        },
        "librdflib": {
            "hashes": [
                "sha256:293bf1aa86c41f8b5dadd4046a0e947ef165cd6c7455842866119de524547090",
                "sha256:400732d198500cc0369a1ebd5c69145db2120e2758b49b42fde1aa4afc3e512e"
            ],
            "index": "pypi",
            "version": "==0.0.1"
        },
        "lxml": {
            "hashes": [
                "sha256:007f17642a338c4db6107a9bc129fb9fa8cf3d5389b61679014a17db31f814f1",
                "sha256:0a2e54e9b6c597cb8aa0935b47c73e22857d5a6f12013675478ed2b49fb560f2",
                "sha256:0be67a53aac192390958dcc83fc200cbba552c11be3f2e1a46b895fcc8c259c7",
                "sha256:161e945ebdeac9a7641b1623004e6e7c24b303172dfe6324c89e40c700d41a6a",
                "sha256:2b0bb7cd10686fd21d3360780f5d410ddb506377cf17823b4858951d53c92283",
                "sha256:2b160c1ef64c23c3206e8741d16343d8e780663a7b4521c14fd2de8772d581c0",
                "sha256:628e5f8cfa1d34c78fb713a813be23669622ea3d538b9b43f4f66f56c647de34",
                "sha256:7133831d22e315bff2ca3bab9a2cbe7eb12b3c70773bfa64636fbcc7aebf93ab",
                "sha256:729b3858425e4ac695772bb41b455f7c4862f9e4579775debc781fffd8e7e8f2",
                "sha256:738862e9724d201f1aa8394cb666d8136d666198e97d6e1e5c9876ad884a86b3",
                "sha256:77c4425a5e1b9bb3b545061fe5261b20e4db4c4f395aba1455459f837da2ab8f",
                "sha256:7e6a735d2f910ee9e505eed09fd444f9ce0799c03e9657a4bf546ac132b8176b",
                "sha256:85cb9c6d8fd7e7385900a7d573639c72354b812212649e4be6956acaa2effa3a",
                "sha256:92c7e1496672f9cd978888da8364bc3e16781b115e05db9ba593b706e749a68a",
                "sha256:930364d203138054d70708a662782e8bb6649c4682adc6a32e6c9c7acca1624a",
                "sha256:9595ddceb8ea33899760e3c64750aa49ea6111ae86d91e262f0957fc25f7f45a",
                "sha256:a5f62b84704b6d21fbc827535845f4830f669dd3983730b8cdd305233355dd00",
                "sha256:a61a4cd53d9af8403185697e54b7fc2870c4aaab5c17d5732c320eab4e534ab4",
                "sha256:b26f1aba578f0ddbcb7fcc54b66baf3b510a9702251239038839dc547e07f6b6",
                "sha256:b39ea490516253e25e68ec6556e4dd2c2dbc3b612b74fca6c00a7c1c66ff0aaf",
                "sha256:d1525c941d34677d64b219255613fd0e871890f9ebd933936069d50dd2ea0967",
                "sha256:d7db4f58fc1bc80ccf2b23bb1e0e6a176044b804e40dffb40c7995bd07046fdf",
                "sha256:e2d2d7038c068c3d8a4ab858306ba959b014b203b7063ceb6b75f2ff8b32ee5f",
                "sha256:f1161af10ff61dcaacc2d669e577b48a39d5fb21e4cc8f87c9f034eebc076faa"
            ],
            "index": "pypi",
            "version": "==4.3.5"
        },
        "pyparsing": {
            "hashes": [
                "sha256:c203ec8783bf771a155b207279b9bccb8dea02d8f0c9e5f8ead507bc3246ecc1",
                "sha256:ef9d7589ef3c200abe66653d3f1ab1033c3c419ae9b9bdb1240a85b024efc88b"
            ],
            "version": "==2.4.7"
        },
        "rdflib": {
            "hashes": [
                "sha256:78149dd49d385efec3b3adfbd61c87afaf1281c30d3fcaf1b323b34f603fb155",
                "sha256:88208ea971a87886d60ae2b1a4b2cdc263527af0454c422118d43fe64b357877"
            ],
            "index": "pypi",
            "version": "==5.0.0"
        },
        "simplejson": {
            "hashes": [
                "sha256:0fe3994207485efb63d8f10a833ff31236ed27e3b23dadd0bf51c9900313f8f2",
                "sha256:17163e643dbf125bb552de17c826b0161c68c970335d270e174363d19e7ea882",
                "sha256:1d1e929cdd15151f3c0b2efe953b3281b2fd5ad5f234f77aca725f28486466f6",
                "sha256:1ea59f570b9d4916ae5540a9181f9c978e16863383738b69a70363bc5e63c4cb",
                "sha256:22a7acb81968a7c64eba7526af2cf566e7e2ded1cb5c83f0906b17ff1540f866",
                "sha256:2b4b2b738b3b99819a17feaf118265d0753d5536049ea570b3c43b51c4701e81",
                "sha256:4cf91aab51b02b3327c9d51897960c554f00891f9b31abd8a2f50fd4a0071ce8",
                "sha256:7cce4bac7e0d66f3a080b80212c2238e063211fe327f98d764c6acbc214497fc",
                "sha256:8027bd5f1e633eb61b8239994e6fc3aba0346e76294beac22a892eb8faa92ba1",
                "sha256:86afc5b5cbd42d706efd33f280fec7bd7e2772ef54e3f34cf6b30777cd19a614",
                "sha256:87d349517b572964350cc1adc5a31b493bbcee284505e81637d0174b2758ba17",
                "sha256:926bcbef9eb60e798eabda9cd0bbcb0fca70d2779aa0aa56845749d973eb7ad5",
                "sha256:9a126c3a91df5b1403e965ba63b304a50b53d8efc908a8c71545ed72535374a3",
                "sha256:daaf4d11db982791be74b23ff4729af2c7da79316de0bebf880fa2d60bcc8c5a",
                "sha256:fc046afda0ed8f5295212068266c92991ab1f4a50c6a7144b69364bdee4a0159",
                "sha256:fc9051d249dd5512e541f20330a74592f7a65b2d62e18122ca89bf71f94db748"
            ],
            "index": "pypi",
            "version": "==3.17.0"
        },
        "six": {
            "hashes": [
                "sha256:30639c035cdb23534cd4aa2dd52c3bf48f06e5f4a941509c8bafd8ce11080259",
                "sha256:8b74bedcbbbaca38ff6d7491d76f2b06b3592611af620f8426e82dddb04a5ced"
            ],
            "index": "pypi",
            "version": "==1.15.0"
        },
        "sparrow": {
            "editable": true,
            "path": "."
        },
        "typing": {
            "hashes": [
                "sha256:91dfe6f3f706ee8cc32d38edbbf304e9b7583fb37108fef38229617f8b3eba23",
                "sha256:c8cabb5ab8945cd2f54917be357d134db9cc1eb039e59d1606dc1e60cb1d9d36",
                "sha256:f38d83c5a7a7086543a0f649564d661859c5146a85775ab90c0d2f93ffaa9714"
            ],
            "index": "pypi",
            "version": "==3.7.4.1"
        },
        "zc.buildout": {
            "hashes": [
                "sha256:0880f131cd5f3c5f6a5e1d17add9d6bead079a4236056c3f896609ebd680c8c1",
                "sha256:d6691a864a7f14b3302ed9a9ab5790f2efc883375033371c1c959fedc72bccb7"
            ],
            "version": "==2.13.3"
        }
    },
    "develop": {
        "six": {
            "hashes": [
                "sha256:30639c035cdb23534cd4aa2dd52c3bf48f06e5f4a941509c8bafd8ce11080259",
                "sha256:8b74bedcbbbaca38ff6d7491d76f2b06b3592611af620f8426e82dddb04a5ced"
            ],
            "index": "pypi",
            "version": "==1.15.0"
        },
        "v": {
            "hashes": [
                "sha256:2d5a8f79a36aaebe62ef2c7068e3ec7f86656078202edabfdbf74715dc822d36",
                "sha256:cd6b6b20b4a611f209c88bcdfb7211321f85662efb2bdd53a7b40314d0a84618"
            ],
            "index": "pypi",
            "version": "==0.0.0"
        },
        "zc.buildout": {
            "hashes": [
                "sha256:0880f131cd5f3c5f6a5e1d17add9d6bead079a4236056c3f896609ebd680c8c1",
                "sha256:d6691a864a7f14b3302ed9a9ab5790f2efc883375033371c1c959fedc72bccb7"
            ],
            "version": "==2.13.3"
        },
        "zope.exceptions": {
            "hashes": [
                "sha256:5fa59c3c1044bb9448aeec8328db0bfceaae2a2174e88528d3fe04adf8d47211",
                "sha256:cbaaafeb400b76962b4a45860322d807eb5c2bf484e087b0121749f5fba3c3f6"
            ],
            "version": "==4.3"
        },
        "zope.interface": {
            "hashes": [
                "sha256:0103cba5ed09f27d2e3de7e48bb320338592e2fabc5ce1432cf33808eb2dfd8b",
                "sha256:14415d6979356629f1c386c8c4249b4d0082f2ea7f75871ebad2e29584bd16c5",
                "sha256:1ae4693ccee94c6e0c88a4568fb3b34af8871c60f5ba30cf9f94977ed0e53ddd",
                "sha256:1b87ed2dc05cb835138f6a6e3595593fea3564d712cb2eb2de963a41fd35758c",
                "sha256:269b27f60bcf45438e8683269f8ecd1235fa13e5411de93dae3b9ee4fe7f7bc7",
                "sha256:27d287e61639d692563d9dab76bafe071fbeb26818dd6a32a0022f3f7ca884b5",
                "sha256:39106649c3082972106f930766ae23d1464a73b7d30b3698c986f74bf1256a34",
                "sha256:40e4c42bd27ed3c11b2c983fecfb03356fae1209de10686d03c02c8696a1d90e",
                "sha256:461d4339b3b8f3335d7e2c90ce335eb275488c587b61aca4b305196dde2ff086",
                "sha256:4f98f70328bc788c86a6a1a8a14b0ea979f81ae6015dd6c72978f1feff70ecda",
                "sha256:558a20a0845d1a5dc6ff87cd0f63d7dac982d7c3be05d2ffb6322a87c17fa286",
                "sha256:562dccd37acec149458c1791da459f130c6cf8902c94c93b8d47c6337b9fb826",
                "sha256:5e86c66a6dea8ab6152e83b0facc856dc4d435fe0f872f01d66ce0a2131b7f1d",
                "sha256:60a207efcd8c11d6bbeb7862e33418fba4e4ad79846d88d160d7231fcb42a5ee",
                "sha256:645a7092b77fdbc3f68d3cc98f9d3e71510e419f54019d6e282328c0dd140dcd",
                "sha256:6874367586c020705a44eecdad5d6b587c64b892e34305bb6ed87c9bbe22a5e9",
                "sha256:74bf0a4f9091131de09286f9a605db449840e313753949fe07c8d0fe7659ad1e",
                "sha256:7b726194f938791a6691c7592c8b9e805fc6d1b9632a833b9c0640828cd49cbc",
                "sha256:8149ded7f90154fdc1a40e0c8975df58041a6f693b8f7edcd9348484e9dc17fe",
                "sha256:8cccf7057c7d19064a9e27660f5aec4e5c4001ffcf653a47531bde19b5aa2a8a",
                "sha256:911714b08b63d155f9c948da2b5534b223a1a4fc50bb67139ab68b277c938578",
                "sha256:a5f8f85986197d1dd6444763c4a15c991bfed86d835a1f6f7d476f7198d5f56a",
                "sha256:a744132d0abaa854d1aad50ba9bc64e79c6f835b3e92521db4235a1991176813",
                "sha256:af2c14efc0bb0e91af63d00080ccc067866fb8cbbaca2b0438ab4105f5e0f08d",
                "sha256:b054eb0a8aa712c8e9030065a59b5e6a5cf0746ecdb5f087cca5ec7685690c19",
                "sha256:b0becb75418f8a130e9d465e718316cd17c7a8acce6fe8fe07adc72762bee425",
                "sha256:b1d2ed1cbda2ae107283befd9284e650d840f8f7568cb9060b5466d25dc48975",
                "sha256:ba4261c8ad00b49d48bbb3b5af388bb7576edfc0ca50a49c11dcb77caa1d897e",
                "sha256:d1fe9d7d09bb07228650903d6a9dc48ea649e3b8c69b1d263419cc722b3938e8",
                "sha256:d7804f6a71fc2dda888ef2de266727ec2f3915373d5a785ed4ddc603bbc91e08",
                "sha256:da2844fba024dd58eaa712561da47dcd1e7ad544a257482392472eae1c86d5e5",
                "sha256:dcefc97d1daf8d55199420e9162ab584ed0893a109f45e438b9794ced44c9fd0",
                "sha256:dd98c436a1fc56f48c70882cc243df89ad036210d871c7427dc164b31500dc11",
                "sha256:e74671e43ed4569fbd7989e5eecc7d06dc134b571872ab1d5a88f4a123814e9f",
                "sha256:eb9b92f456ff3ec746cd4935b73c1117538d6124b8617bc0fe6fda0b3816e345",
                "sha256:ebb4e637a1fb861c34e48a00d03cffa9234f42bef923aec44e5625ffb9a8e8f9",
                "sha256:ef739fe89e7f43fb6494a43b1878a36273e5924869ba1d866f752c5812ae8d58",
                "sha256:f40db0e02a8157d2b90857c24d89b6310f9b6c3642369852cdc3b5ac49b92afc",
                "sha256:f68bf937f113b88c866d090fea0bc52a098695173fc613b055a17ff0cf9683b6",
                "sha256:fb55c182a3f7b84c1a2d6de5fa7b1a05d4660d866b91dbf8d74549c57a1499e8"
            ],
            "version": "==5.1.0"
        },
        "zope.testrunner": {
            "hashes": [
                "sha256:354a65f6c6fe6c0584e2fcf06d7318e90dc7f7de1b7008d8913733e299317870",
                "sha256:4f0d1d378d64bec98e109a63579bd4241f0f70529f0c6d9e7237bddec89a1dc2"
            ],
            "index": "pypi",
            "version": "==5.1"
        }
    }
}
